
Microsoft Visual Studio Solution File, Format Version 12.00
# Visual Studio Version 17
VisualStudioVersion = 17.5.002.0
MinimumVisualStudioVersion = 10.0.40219.1
Project("{2150E333-8FDC-42A3-9474-1A3956D46DE8}") = "lambda", "lambda", "{22346D19-DF9E-49F3-9043-186D6405EC18}"
EndProject
Project("{2150E333-8FDC-42A3-9474-1A3956D46DE8}") = "sam", "sam", "{072A820D-8360-4A1A-8A9F-A670EDC6A92A}"
EndProject
Project("{2150E333-8FDC-42A3-9474-1A3956D46DE8}") = "dotnet", "dotnet", "{FF9487C4-4843-405D-B101-9C35774E02DB}"
EndProject
Project("{2150E333-8FDC-42A3-9474-1A3956D46DE8}") = "src", "src", "{5B545F94-1F93-4322-90C6-7734F0D08934}"
EndProject
Project("{2150E333-8FDC-42A3-9474-1A3956D46DE8}") = "dotnet6", "dotnet6", "{5669DEFE-EC3B-4803-9271-A1C6C76D8213}"
EndProject
Project("{2150E333-8FDC-42A3-9474-1A3956D46DE8}") = "test", "test", "{9042F15A-25A7-47C7-9A72-3032FF6AFC3D}"
EndProject
Project("{9A19103F-16F7-4668-BE54-9A1E7A4F7556}") = "HelloWorld.Tests", "lambda\sam\dotnet\src\dotnet6\test\HelloWorld.Test\HelloWorld.Tests.csproj", "{4E88547B-B13D-4448-BD97-F36FE773FF58}"
EndProject
Project("{2150E333-8FDC-42A3-9474-1A3956D46DE8}") = "src", "src", "{FD7A146B-90D5-42D9-9ADE-DD8D6FE9FCF0}"
EndProject
Project("{9A19103F-16F7-4668-BE54-9A1E7A4F7556}") = "HelloWorld", "lambda\sam\dotnet\src\dotnet6\src\HelloWorld\HelloWorld.csproj", "{6F6B9CC4-CD4F-4B94-9C7A-C4AC3F4C664F}"
EndProject
Project("{2150E333-8FDC-42A3-9474-1A3956D46DE8}") = "dotnet8", "dotnet8", "{CD306F47-D38E-426F-AC6D-D404D3B83115}"
EndProject
Project("{2150E333-8FDC-42A3-9474-1A3956D46DE8}") = "test", "test", "{4BC0D88B-B8F6-4A34-996F-C46367526BF1}"
EndProject
Project("{9A19103F-16F7-4668-BE54-9A1E7A4F7556}") = "HelloWorld.Tests", "lambda\sam\dotnet\src\dotnet8\test\HelloWorld.Test\HelloWorld.Tests.csproj", "{F8C1B95A-7EC7-4442-A7AB-00ADF23511D2}"
EndProject
Project("{2150E333-8FDC-42A3-9474-1A3956D46DE8}") = "src", "src", "{BC4A2D68-443F-4C82-8227-AAF1EFFEA5E1}"
EndProject
Project("{9A19103F-16F7-4668-BE54-9A1E7A4F7556}") = "HelloWorld", "lambda\sam\dotnet\src\dotnet8\src\HelloWorld\HelloWorld.csproj", "{87FEEBAA-EDC1-435A-96E6-ED041DE87DA8}"
EndProject
Project("{2150E333-8FDC-42A3-9474-1A3956D46DE8}") = "cdk", "cdk", "{35417AD5-6B73-4D06-BCAD-F1086AC3E191}"
EndProject
Project("{2150E333-8FDC-42A3-9474-1A3956D46DE8}") = "node_modules", "node_modules", "{DE7CE588-56BA-48B6-9D1C-B6CD476F34BE}"
EndProject
Project("{2150E333-8FDC-42A3-9474-1A3956D46DE8}") = "aws-cdk", "aws-cdk", "{9118D1F1-4772-41F3-B06E-F78502A856FB}"
EndProject
Project("{2150E333-8FDC-42A3-9474-1A3956D46DE8}") = "lib", "lib", "{DC35D7DB-3636-49B7-B798-B97BD4896632}"
EndProject
Project("{2150E333-8FDC-42A3-9474-1A3956D46DE8}") = "init-templates", "init-templates", "{2BD94A64-D546-42FB-B255-85635F00E3AF}"
EndProject
Project("{2150E333-8FDC-42A3-9474-1A3956D46DE8}") = "sample-app", "sample-app", "{8AE7AD9F-CC54-406A-875A-CA31F34E0CA4}"
EndProject
Project("{2150E333-8FDC-42A3-9474-1A3956D46DE8}") = "csharp", "csharp", "{620C0073-0FDA-41BC-944A-ABAAE42DDC89}"
EndProject
Project("{2150E333-8FDC-42A3-9474-1A3956D46DE8}") = "src", "src", "{335D87BE-3CC5-45E1-9675-E2E3BD10DBF6}"
EndProject
Project("{9A19103F-16F7-4668-BE54-9A1E7A4F7556}") = "%name.PascalCased%.template", "lambda\cdk\node_modules\aws-cdk\lib\init-templates\sample-app\csharp\src\%name.PascalCased%\%name.PascalCased%.template.csproj", "{EAA2F056-79B1-42C2-92AA-47429849A3D9}"
EndProject
Project("{2150E333-8FDC-42A3-9474-1A3956D46DE8}") = "app", "app", "{66EA7638-2FAF-4867-916C-7B5173971BE3}"
EndProject
Project("{2150E333-8FDC-42A3-9474-1A3956D46DE8}") = "csharp", "csharp", "{E710FFCA-518C-4364-ACB5-90CC28CDB4D6}"
EndProject
Project("{2150E333-8FDC-42A3-9474-1A3956D46DE8}") = "src", "src", "{4C624E79-40AC-46B2-AFD9-5111FACC4208}"
EndProject
Project("{9A19103F-16F7-4668-BE54-9A1E7A4F7556}") = "%name.PascalCased%.template", "lambda\cdk\node_modules\aws-cdk\lib\init-templates\app\csharp\src\%name.PascalCased%\%name.PascalCased%.template.csproj", "{AE139B04-7CC2-47F6-AE3F-AC2C486BC45D}"
EndProject
Global
	GlobalSection(SolutionConfigurationPlatforms) = preSolution
		Debug|Any CPU = Debug|Any CPU
		Release|Any CPU = Release|Any CPU
	EndGlobalSection
	GlobalSection(ProjectConfigurationPlatforms) = postSolution
		{4E88547B-B13D-4448-BD97-F36FE773FF58}.Debug|Any CPU.ActiveCfg = Debug|Any CPU
		{4E88547B-B13D-4448-BD97-F36FE773FF58}.Debug|Any CPU.Build.0 = Debug|Any CPU
		{4E88547B-B13D-4448-BD97-F36FE773FF58}.Release|Any CPU.ActiveCfg = Release|Any CPU
		{4E88547B-B13D-4448-BD97-F36FE773FF58}.Release|Any CPU.Build.0 = Release|Any CPU
		{6F6B9CC4-CD4F-4B94-9C7A-C4AC3F4C664F}.Debug|Any CPU.ActiveCfg = Debug|Any CPU
		{6F6B9CC4-CD4F-4B94-9C7A-C4AC3F4C664F}.Debug|Any CPU.Build.0 = Debug|Any CPU
		{6F6B9CC4-CD4F-4B94-9C7A-C4AC3F4C664F}.Release|Any CPU.ActiveCfg = Release|Any CPU
		{6F6B9CC4-CD4F-4B94-9C7A-C4AC3F4C664F}.Release|Any CPU.Build.0 = Release|Any CPU
		{F8C1B95A-7EC7-4442-A7AB-00ADF23511D2}.Debug|Any CPU.ActiveCfg = Debug|Any CPU
		{F8C1B95A-7EC7-4442-A7AB-00ADF23511D2}.Debug|Any CPU.Build.0 = Debug|Any CPU
		{F8C1B95A-7EC7-4442-A7AB-00ADF23511D2}.Release|Any CPU.ActiveCfg = Release|Any CPU
		{F8C1B95A-7EC7-4442-A7AB-00ADF23511D2}.Release|Any CPU.Build.0 = Release|Any CPU
		{87FEEBAA-EDC1-435A-96E6-ED041DE87DA8}.Debug|Any CPU.ActiveCfg = Debug|Any CPU
		{87FEEBAA-EDC1-435A-96E6-ED041DE87DA8}.Debug|Any CPU.Build.0 = Debug|Any CPU
		{87FEEBAA-EDC1-435A-96E6-ED041DE87DA8}.Release|Any CPU.ActiveCfg = Release|Any CPU
		{87FEEBAA-EDC1-435A-96E6-ED041DE87DA8}.Release|Any CPU.Build.0 = Release|Any CPU
		{EAA2F056-79B1-42C2-92AA-47429849A3D9}.Debug|Any CPU.ActiveCfg = Debug|Any CPU
		{EAA2F056-79B1-42C2-92AA-47429849A3D9}.Debug|Any CPU.Build.0 = Debug|Any CPU
		{EAA2F056-79B1-42C2-92AA-47429849A3D9}.Release|Any CPU.ActiveCfg = Release|Any CPU
		{EAA2F056-79B1-42C2-92AA-47429849A3D9}.Release|Any CPU.Build.0 = Release|Any CPU
		{AE139B04-7CC2-47F6-AE3F-AC2C486BC45D}.Debug|Any CPU.ActiveCfg = Debug|Any CPU
		{AE139B04-7CC2-47F6-AE3F-AC2C486BC45D}.Debug|Any CPU.Build.0 = Debug|Any CPU
		{AE139B04-7CC2-47F6-AE3F-AC2C486BC45D}.Release|Any CPU.ActiveCfg = Release|Any CPU
		{AE139B04-7CC2-47F6-AE3F-AC2C486BC45D}.Release|Any CPU.Build.0 = Release|Any CPU
	EndGlobalSection
	GlobalSection(SolutionProperties) = preSolution
		HideSolutionNode = FALSE
	EndGlobalSection
	GlobalSection(NestedProjects) = preSolution
		{072A820D-8360-4A1A-8A9F-A670EDC6A92A} = {22346D19-DF9E-49F3-9043-186D6405EC18}
		{FF9487C4-4843-405D-B101-9C35774E02DB} = {072A820D-8360-4A1A-8A9F-A670EDC6A92A}
		{5B545F94-1F93-4322-90C6-7734F0D08934} = {FF9487C4-4843-405D-B101-9C35774E02DB}
		{5669DEFE-EC3B-4803-9271-A1C6C76D8213} = {5B545F94-1F93-4322-90C6-7734F0D08934}
		{9042F15A-25A7-47C7-9A72-3032FF6AFC3D} = {5669DEFE-EC3B-4803-9271-A1C6C76D8213}
		{4E88547B-B13D-4448-BD97-F36FE773FF58} = {9042F15A-25A7-47C7-9A72-3032FF6AFC3D}
		{FD7A146B-90D5-42D9-9ADE-DD8D6FE9FCF0} = {5669DEFE-EC3B-4803-9271-A1C6C76D8213}
		{6F6B9CC4-CD4F-4B94-9C7A-C4AC3F4C664F} = {FD7A146B-90D5-42D9-9ADE-DD8D6FE9FCF0}
		{CD306F47-D38E-426F-AC6D-D404D3B83115} = {5B545F94-1F93-4322-90C6-7734F0D08934}
		{4BC0D88B-B8F6-4A34-996F-C46367526BF1} = {CD306F47-D38E-426F-AC6D-D404D3B83115}
		{F8C1B95A-7EC7-4442-A7AB-00ADF23511D2} = {4BC0D88B-B8F6-4A34-996F-C46367526BF1}
		{BC4A2D68-443F-4C82-8227-AAF1EFFEA5E1} = {CD306F47-D38E-426F-AC6D-D404D3B83115}
		{87FEEBAA-EDC1-435A-96E6-ED041DE87DA8} = {BC4A2D68-443F-4C82-8227-AAF1EFFEA5E1}
		{35417AD5-6B73-4D06-BCAD-F1086AC3E191} = {22346D19-DF9E-49F3-9043-186D6405EC18}
		{DE7CE588-56BA-48B6-9D1C-B6CD476F34BE} = {35417AD5-6B73-4D06-BCAD-F1086AC3E191}
		{9118D1F1-4772-41F3-B06E-F78502A856FB} = {DE7CE588-56BA-48B6-9D1C-B6CD476F34BE}
		{DC35D7DB-3636-49B7-B798-B97BD4896632} = {9118D1F1-4772-41F3-B06E-F78502A856FB}
		{2BD94A64-D546-42FB-B255-85635F00E3AF} = {DC35D7DB-3636-49B7-B798-B97BD4896632}
		{8AE7AD9F-CC54-406A-875A-CA31F34E0CA4} = {2BD94A64-D546-42FB-B255-85635F00E3AF}
		{620C0073-0FDA-41BC-944A-ABAAE42DDC89} = {8AE7AD9F-CC54-406A-875A-CA31F34E0CA4}
		{335D87BE-3CC5-45E1-9675-E2E3BD10DBF6} = {620C0073-0FDA-41BC-944A-ABAAE42DDC89}
		{EAA2F056-79B1-42C2-92AA-47429849A3D9} = {335D87BE-3CC5-45E1-9675-E2E3BD10DBF6}
		{66EA7638-2FAF-4867-916C-7B5173971BE3} = {2BD94A64-D546-42FB-B255-85635F00E3AF}
		{E710FFCA-518C-4364-ACB5-90CC28CDB4D6} = {66EA7638-2FAF-4867-916C-7B5173971BE3}
		{4C624E79-40AC-46B2-AFD9-5111FACC4208} = {E710FFCA-518C-4364-ACB5-90CC28CDB4D6}
		{AE139B04-7CC2-47F6-AE3F-AC2C486BC45D} = {4C624E79-40AC-46B2-AFD9-5111FACC4208}
	EndGlobalSection
	GlobalSection(ExtensibilityGlobals) = postSolution
		SolutionGuid = {F83B499C-0664-4E6A-92DA-CECBAEA8D098}
	EndGlobalSection
EndGlobal
